
Microsoft Visual Studio Solution File, Format Version 12.00
# Visual Studio 15
Project("{FAE04EC0-301F-11D3-BF4B-00C04F79EFBC}") = "PhotonRealtime", "PhotonRealtime.csproj", "{6880D730-7424-46BF-88BF-373192D4DE10}"
EndProject
Project("{FAE04EC0-301F-11D3-BF4B-00C04F79EFBC}") = "PhotonUnityNetworking.Demos", "PhotonUnityNetworking.Demos.csproj", "{F29ED523-76D9-B3B2-707E-ABDEF5026426}"
EndProject
Project("{FAE04EC0-301F-11D3-BF4B-00C04F79EFBC}") = "Assembly-CSharp", "Assembly-CSharp.csproj", "{E3E01EF3-E3E5-A753-D89A-AE4BD52C04EF}"
EndProject
Project("{FAE04EC0-301F-11D3-BF4B-00C04F79EFBC}") = "PhotonChat", "PhotonChat.csproj", "{2E38F664-60DC-91BD-FD3C-AE101C323360}"
EndProject
Project("{FAE04EC0-301F-11D3-BF4B-00C04F79EFBC}") = "PhotonUnityNetworking", "PhotonUnityNetworking.csproj", "{FEC21603-6F90-4FBC-EDBD-C8EBC0553C6A}"
EndProject
Project("{FAE04EC0-301F-11D3-BF4B-00C04F79EFBC}") = "PhotonUnityNetworking.Editor", "PhotonUnityNetworking.Editor.csproj", "{7B02796E-FB64-37E9-BA31-08E6E744ABEC}"
EndProject
Project("{FAE04EC0-301F-11D3-BF4B-00C04F79EFBC}") = "PhotonUnityNetworking.Utilities.Culling.Editor", "PhotonUnityNetworking.Utilities.Culling.Editor.csproj", "{EDB51262-0ED1-580C-9351-66BC7CC9852A}"
EndProject
Project("{FAE04EC0-301F-11D3-BF4B-00C04F79EFBC}") = "PunDemos.DemoSlotcarEditor", "PunDemos.DemoSlotcarEditor.csproj", "{915DD6AE-1FCB-04E9-CE78-7E18D2BCC1E1}"
EndProject
Project("{FAE04EC0-301F-11D3-BF4B-00C04F79EFBC}") = "PhotonUnityNetworking.Utilities", "PhotonUnityNetworking.Utilities.csproj", "{B490DDE3-57BA-8D84-98AB-1288CFC8ED89}"
EndProject
Project("{FAE04EC0-301F-11D3-BF4B-00C04F79EFBC}") = "PhotonUnityNetworking.Utilities.PhotonPlayer.Editor", "PhotonUnityNetworking.Utilities.PhotonPlayer.Editor.csproj", "{03B4106F-08C5-4406-A6DC-AADF37C8479D}"
EndProject
Project("{FAE04EC0-301F-11D3-BF4B-00C04F79EFBC}") = "PunDemos.DemoHubEditor", "PunDemos.DemoHubEditor.csproj", "{4092D08A-A2F1-9488-28D1-E2C752031FF5}"
EndProject
Project("{FAE04EC0-301F-11D3-BF4B-00C04F79EFBC}") = "Assembly-CSharp-Editor", "Assembly-CSharp-Editor.csproj", "{F8B492AC-9A53-059A-A0C2-F1BB7464B543}"
EndProject
Global
	GlobalSection(SolutionConfigurationPlatforms) = preSolution
		Debug|Any CPU = Debug|Any CPU
		Release|Any CPU = Release|Any CPU
	EndGlobalSection
	GlobalSection(ProjectConfigurationPlatforms) = postSolution
		{6880D730-7424-46BF-88BF-373192D4DE10}.Debug|Any CPU.ActiveCfg = Debug|Any CPU
		{6880D730-7424-46BF-88BF-373192D4DE10}.Debug|Any CPU.Build.0 = Debug|Any CPU
		{6880D730-7424-46BF-88BF-373192D4DE10}.Release|Any CPU.ActiveCfg = Release|Any CPU
		{6880D730-7424-46BF-88BF-373192D4DE10}.Release|Any CPU.Build.0 = Release|Any CPU
		{F29ED523-76D9-B3B2-707E-ABDEF5026426}.Debug|Any CPU.ActiveCfg = Debug|Any CPU
		{F29ED523-76D9-B3B2-707E-ABDEF5026426}.Debug|Any CPU.Build.0 = Debug|Any CPU
		{F29ED523-76D9-B3B2-707E-ABDEF5026426}.Release|Any CPU.ActiveCfg = Release|Any CPU
		{F29ED523-76D9-B3B2-707E-ABDEF5026426}.Release|Any CPU.Build.0 = Release|Any CPU
		{E3E01EF3-E3E5-A753-D89A-AE4BD52C04EF}.Debug|Any CPU.ActiveCfg = Debug|Any CPU
		{E3E01EF3-E3E5-A753-D89A-AE4BD52C04EF}.Debug|Any CPU.Build.0 = Debug|Any CPU
		{E3E01EF3-E3E5-A753-D89A-AE4BD52C04EF}.Release|Any CPU.ActiveCfg = Release|Any CPU
		{E3E01EF3-E3E5-A753-D89A-AE4BD52C04EF}.Release|Any CPU.Build.0 = Release|Any CPU
		{2E38F664-60DC-91BD-FD3C-AE101C323360}.Debug|Any CPU.ActiveCfg = Debug|Any CPU
		{2E38F664-60DC-91BD-FD3C-AE101C323360}.Debug|Any CPU.Build.0 = Debug|Any CPU
		{2E38F664-60DC-91BD-FD3C-AE101C323360}.Release|Any CPU.ActiveCfg = Release|Any CPU
		{2E38F664-60DC-91BD-FD3C-AE101C323360}.Release|Any CPU.Build.0 = Release|Any CPU
		{FEC21603-6F90-4FBC-EDBD-C8EBC0553C6A}.Debug|Any CPU.ActiveCfg = Debug|Any CPU
		{FEC21603-6F90-4FBC-EDBD-C8EBC0553C6A}.Debug|Any CPU.Build.0 = Debug|Any CPU
		{FEC21603-6F90-4FBC-EDBD-C8EBC0553C6A}.Release|Any CPU.ActiveCfg = Release|Any CPU
		{FEC21603-6F90-4FBC-EDBD-C8EBC0553C6A}.Release|Any CPU.Build.0 = Release|Any CPU
		{7B02796E-FB64-37E9-BA31-08E6E744ABEC}.Debug|Any CPU.ActiveCfg = Debug|Any CPU
		{7B02796E-FB64-37E9-BA31-08E6E744ABEC}.Debug|Any CPU.Build.0 = Debug|Any CPU
		{7B02796E-FB64-37E9-BA31-08E6E744ABEC}.Release|Any CPU.ActiveCfg = Release|Any CPU
		{7B02796E-FB64-37E9-BA31-08E6E744ABEC}.Release|Any CPU.Build.0 = Release|Any CPU
		{EDB51262-0ED1-580C-9351-66BC7CC9852A}.Debug|Any CPU.ActiveCfg = Debug|Any CPU
		{EDB51262-0ED1-580C-9351-66BC7CC9852A}.Debug|Any CPU.Build.0 = Debug|Any CPU
		{EDB51262-0ED1-580C-9351-66BC7CC9852A}.Release|Any CPU.ActiveCfg = Release|Any CPU
		{EDB51262-0ED1-580C-9351-66BC7CC9852A}.Release|Any CPU.Build.0 = Release|Any CPU
		{915DD6AE-1FCB-04E9-CE78-7E18D2BCC1E1}.Debug|Any CPU.ActiveCfg = Debug|Any CPU
		{915DD6AE-1FCB-04E9-CE78-7E18D2BCC1E1}.Debug|Any CPU.Build.0 = Debug|Any CPU
		{915DD6AE-1FCB-04E9-CE78-7E18D2BCC1E1}.Release|Any CPU.ActiveCfg = Release|Any CPU
		{915DD6AE-1FCB-04E9-CE78-7E18D2BCC1E1}.Release|Any CPU.Build.0 = Release|Any CPU
		{B490DDE3-57BA-8D84-98AB-1288CFC8ED89}.Debug|Any CPU.ActiveCfg = Debug|Any CPU
		{B490DDE3-57BA-8D84-98AB-1288CFC8ED89}.Debug|Any CPU.Build.0 = Debug|Any CPU
		{B490DDE3-57BA-8D84-98AB-1288CFC8ED89}.Release|Any CPU.ActiveCfg = Release|Any CPU
		{B490DDE3-57BA-8D84-98AB-1288CFC8ED89}.Release|Any CPU.Build.0 = Release|Any CPU
		{03B4106F-08C5-4406-A6DC-AADF37C8479D}.Debug|Any CPU.ActiveCfg = Debug|Any CPU
		{03B4106F-08C5-4406-A6DC-AADF37C8479D}.Debug|Any CPU.Build.0 = Debug|Any CPU
		{03B4106F-08C5-4406-A6DC-AADF37C8479D}.Release|Any CPU.ActiveCfg = Release|Any CPU
		{03B4106F-08C5-4406-A6DC-AADF37C8479D}.Release|Any CPU.Build.0 = Release|Any CPU
		{4092D08A-A2F1-9488-28D1-E2C752031FF5}.Debug|Any CPU.ActiveCfg = Debug|Any CPU
		{4092D08A-A2F1-9488-28D1-E2C752031FF5}.Debug|Any CPU.Build.0 = Debug|Any CPU
		{4092D08A-A2F1-9488-28D1-E2C752031FF5}.Release|Any CPU.ActiveCfg = Release|Any CPU
		{4092D08A-A2F1-9488-28D1-E2C752031FF5}.Release|Any CPU.Build.0 = Release|Any CPU
		{F8B492AC-9A53-059A-A0C2-F1BB7464B543}.Debug|Any CPU.ActiveCfg = Debug|Any CPU
		{F8B492AC-9A53-059A-A0C2-F1BB7464B543}.Debug|Any CPU.Build.0 = Debug|Any CPU
		{F8B492AC-9A53-059A-A0C2-F1BB7464B543}.Release|Any CPU.ActiveCfg = Release|Any CPU
		{F8B492AC-9A53-059A-A0C2-F1BB7464B543}.Release|Any CPU.Build.0 = Release|Any CPU
	EndGlobalSection
	GlobalSection(SolutionProperties) = preSolution
		HideSolutionNode = FALSE
	EndGlobalSection
EndGlobal
